
Microsoft Visual Studio Solution File, Format Version 11.00
# Visual Studio 2010
Project("{2150E333-8FDC-42A3-9474-1A3956D46DE8}") = "Solution Items", "Solution Items", "{5324A9B0-8BEC-44E5-AB34-B3616385E6E0}"
	ProjectSection(FolderStartupServices) = postProject
		{967B4E0D-AD0C-4609-AB67-0FA40C0206D8} = {967B4E0D-AD0C-4609-AB67-0FA40C0206D8}
	EndProjectSection
EndProject
Project("{FAE04EC0-301F-11D3-BF4B-00C04F79EFBC}") = "Hd.Model.Base", "Hd.Model.Base\Hd.Model.Base.csproj", "{7F73873B-3465-485F-B83B-43526F544C6D}"
EndProject
Project("{FAE04EC0-301F-11D3-BF4B-00C04F79EFBC}") = "Hd.Model.Dao", "Hd.Model.Dao\Hd.Model.Dao.csproj", "{7C1AF74F-3C5F-420F-860F-285686E20D8A}"
	ProjectSection(ProjectDependencies) = postProject
		{7F73873B-3465-485F-B83B-43526F544C6D} = {7F73873B-3465-485F-B83B-43526F544C6D}
	EndProjectSection
EndProject
Project("{FAE04EC0-301F-11D3-BF4B-00C04F79EFBC}") = "Hd.Model.Jk", "Hd.Model.Jk\Hd.Model.Jk.csproj", "{5B28BCF8-B2D8-422C-867D-E04BB4D118FA}"
	ProjectSection(ProjectDependencies) = postProject
		{7F73873B-3465-485F-B83B-43526F544C6D} = {7F73873B-3465-485F-B83B-43526F544C6D}
		{7C1AF74F-3C5F-420F-860F-285686E20D8A} = {7C1AF74F-3C5F-420F-860F-285686E20D8A}
	EndProjectSection
EndProject
Project("{FAE04EC0-301F-11D3-BF4B-00C04F79EFBC}") = "Hd.Model.Jk2", "Hd.Model.Jk2\Hd.Model.Jk2.csproj", "{EE7DDFAF-53BA-4C89-8F9E-ACD700224225}"
	ProjectSection(ProjectDependencies) = postProject
		{7F73873B-3465-485F-B83B-43526F544C6D} = {7F73873B-3465-485F-B83B-43526F544C6D}
		{7C1AF74F-3C5F-420F-860F-285686E20D8A} = {7C1AF74F-3C5F-420F-860F-285686E20D8A}
	EndProjectSection
EndProject
Project("{FAE04EC0-301F-11D3-BF4B-00C04F79EFBC}") = "Hd.Model.Cn", "Hd.Model.Cn\Hd.Model.Cn.csproj", "{EB500A5F-CD73-4840-9F4C-37FB03400E9B}"
	ProjectSection(ProjectDependencies) = postProject
		{7F73873B-3465-485F-B83B-43526F544C6D} = {7F73873B-3465-485F-B83B-43526F544C6D}
		{7C1AF74F-3C5F-420F-860F-285686E20D8A} = {7C1AF74F-3C5F-420F-860F-285686E20D8A}
	EndProjectSection
EndProject
Project("{FAE04EC0-301F-11D3-BF4B-00C04F79EFBC}") = "Hd.Model.Cx", "Hd.Model.Cx\Hd.Model.Cx.csproj", "{CACC9EAD-0122-4609-ABF8-FAFD9DA40F40}"
	ProjectSection(ProjectDependencies) = postProject
		{7F73873B-3465-485F-B83B-43526F544C6D} = {7F73873B-3465-485F-B83B-43526F544C6D}
	EndProjectSection
EndProject
Project("{FAE04EC0-301F-11D3-BF4B-00C04F79EFBC}") = "Hd.Model.Cn.Dao", "Hd.Model.Cn.Dao\Hd.Model.Cn.Dao.csproj", "{7DCCC7E8-40DF-400A-AC6D-CBC4960D3FAA}"
	ProjectSection(ProjectDependencies) = postProject
		{7C1AF74F-3C5F-420F-860F-285686E20D8A} = {7C1AF74F-3C5F-420F-860F-285686E20D8A}
		{EB500A5F-CD73-4840-9F4C-37FB03400E9B} = {EB500A5F-CD73-4840-9F4C-37FB03400E9B}
	EndProjectSection
EndProject
Project("{FAE04EC0-301F-11D3-BF4B-00C04F79EFBC}") = "Hd.Model.Kj", "Hd.Model.Kj\Hd.Model.Kj.csproj", "{D6C750CC-B07D-4820-9E14-11192D312140}"
	ProjectSection(ProjectDependencies) = postProject
		{7F73873B-3465-485F-B83B-43526F544C6D} = {7F73873B-3465-485F-B83B-43526F544C6D}
		{7C1AF74F-3C5F-420F-860F-285686E20D8A} = {7C1AF74F-3C5F-420F-860F-285686E20D8A}
	EndProjectSection
EndProject
Project("{FAE04EC0-301F-11D3-BF4B-00C04F79EFBC}") = "Hd.Model.Fp", "Hd.Model.Fp\Hd.Model.Fp.csproj", "{ABE01D89-623A-47F9-9FD3-43E80A578B44}"
	ProjectSection(ProjectDependencies) = postProject
		{7F73873B-3465-485F-B83B-43526F544C6D} = {7F73873B-3465-485F-B83B-43526F544C6D}
	EndProjectSection
EndProject
Project("{FAE04EC0-301F-11D3-BF4B-00C04F79EFBC}") = "Hd.Model.Nmcg", "Hd.Model.Nmcg\Hd.Model.Nmcg.csproj", "{3C072E77-8558-41FD-BDB6-43CB2CCF4866}"
	ProjectSection(ProjectDependencies) = postProject
		{7F73873B-3465-485F-B83B-43526F544C6D} = {7F73873B-3465-485F-B83B-43526F544C6D}
		{7C1AF74F-3C5F-420F-860F-285686E20D8A} = {7C1AF74F-3C5F-420F-860F-285686E20D8A}
	EndProjectSection
EndProject
Project("{FAE04EC0-301F-11D3-BF4B-00C04F79EFBC}") = "Hd.Service", "Hd.Service\Hd.Service.csproj", "{4ED9DBFB-1C12-43F3-B8C1-6D8B3EFFF50C}"
	ProjectSection(ProjectDependencies) = postProject
		{A712EE0B-242A-4CAC-9F93-8BB2AC44C8C7} = {A712EE0B-242A-4CAC-9F93-8BB2AC44C8C7}
		{7F73873B-3465-485F-B83B-43526F544C6D} = {7F73873B-3465-485F-B83B-43526F544C6D}
		{7C1AF74F-3C5F-420F-860F-285686E20D8A} = {7C1AF74F-3C5F-420F-860F-285686E20D8A}
		{64D3D558-DBD0-4ABF-94B7-372AA5361E76} = {64D3D558-DBD0-4ABF-94B7-372AA5361E76}
		{EB500A5F-CD73-4840-9F4C-37FB03400E9B} = {EB500A5F-CD73-4840-9F4C-37FB03400E9B}
		{6507EC6F-97AF-45BD-9638-E24817807F2E} = {6507EC6F-97AF-45BD-9638-E24817807F2E}
		{3C072E77-8558-41FD-BDB6-43CB2CCF4866} = {3C072E77-8558-41FD-BDB6-43CB2CCF4866}
		{ABE01D89-623A-47F9-9FD3-43E80A578B44} = {ABE01D89-623A-47F9-9FD3-43E80A578B44}
		{CACC9EAD-0122-4609-ABF8-FAFD9DA40F40} = {CACC9EAD-0122-4609-ABF8-FAFD9DA40F40}
		{EE7DDFAF-53BA-4C89-8F9E-ACD700224225} = {EE7DDFAF-53BA-4C89-8F9E-ACD700224225}
		{D6C750CC-B07D-4820-9E14-11192D312140} = {D6C750CC-B07D-4820-9E14-11192D312140}
		{7DCCC7E8-40DF-400A-AC6D-CBC4960D3FAA} = {7DCCC7E8-40DF-400A-AC6D-CBC4960D3FAA}
		{E67FF6EE-1A80-4986-B8F4-442934BC671A} = {E67FF6EE-1A80-4986-B8F4-442934BC671A}
		{73D427F1-92A2-431E-875A-293F0C3E7A65} = {73D427F1-92A2-431E-875A-293F0C3E7A65}
		{5B28BCF8-B2D8-422C-867D-E04BB4D118FA} = {5B28BCF8-B2D8-422C-867D-E04BB4D118FA}
		{FC850DFA-CFEC-4756-A852-B3AC9CDAC88E} = {FC850DFA-CFEC-4756-A852-B3AC9CDAC88E}
	EndProjectSection
EndProject
Project("{FAE04EC0-301F-11D3-BF4B-00C04F79EFBC}") = "Hd.Forms.Resource", "Hd.Forms.Resource\Hd.Forms.Resource.csproj", "{FC850DFA-CFEC-4756-A852-B3AC9CDAC88E}"
	ProjectSection(ProjectDependencies) = postProject
		{7C1AF74F-3C5F-420F-860F-285686E20D8A} = {7C1AF74F-3C5F-420F-860F-285686E20D8A}
		{3C072E77-8558-41FD-BDB6-43CB2CCF4866} = {3C072E77-8558-41FD-BDB6-43CB2CCF4866}
		{EE7DDFAF-53BA-4C89-8F9E-ACD700224225} = {EE7DDFAF-53BA-4C89-8F9E-ACD700224225}
		{D6C750CC-B07D-4820-9E14-11192D312140} = {D6C750CC-B07D-4820-9E14-11192D312140}
		{5B28BCF8-B2D8-422C-867D-E04BB4D118FA} = {5B28BCF8-B2D8-422C-867D-E04BB4D118FA}
	EndProjectSection
EndProject
Project("{FAE04EC0-301F-11D3-BF4B-00C04F79EFBC}") = "Hd.Report", "Hd.Report\Hd.Report.csproj", "{E67FF6EE-1A80-4986-B8F4-442934BC671A}"
	ProjectSection(ProjectDependencies) = postProject
		{02986CD7-2566-4008-8D34-F49D17ADBADF} = {02986CD7-2566-4008-8D34-F49D17ADBADF}
	EndProjectSection
EndProject
Project("{FAE04EC0-301F-11D3-BF4B-00C04F79EFBC}") = "Hd.Model.Kj.Dao", "Hd.Model.Kj.Dao\Hd.Model.Kj.Dao.csproj", "{6507EC6F-97AF-45BD-9638-E24817807F2E}"
	ProjectSection(ProjectDependencies) = postProject
		{7F73873B-3465-485F-B83B-43526F544C6D} = {7F73873B-3465-485F-B83B-43526F544C6D}
		{7C1AF74F-3C5F-420F-860F-285686E20D8A} = {7C1AF74F-3C5F-420F-860F-285686E20D8A}
		{D6C750CC-B07D-4820-9E14-11192D312140} = {D6C750CC-B07D-4820-9E14-11192D312140}
	EndProjectSection
EndProject
Project("{FAE04EC0-301F-11D3-BF4B-00C04F79EFBC}") = "Hd.Model.Yw", "Hd.Model.Yw\Hd.Model.Yw.csproj", "{02986CD7-2566-4008-8D34-F49D17ADBADF}"
EndProject
Project("{FAE04EC0-301F-11D3-BF4B-00C04F79EFBC}") = "Hd.Model.Ba", "Hd.Model.Ba\Hd.Model.Ba.csproj", "{64D3D558-DBD0-4ABF-94B7-372AA5361E76}"
	ProjectSection(ProjectDependencies) = postProject
		{7C1AF74F-3C5F-420F-860F-285686E20D8A} = {7C1AF74F-3C5F-420F-860F-285686E20D8A}
	EndProjectSection
EndProject
Project("{FAE04EC0-301F-11D3-BF4B-00C04F79EFBC}") = "Hd.Model.Ck", "Hd.Model.Ck\Hd.Model.Ck.csproj", "{5C62C67B-C7B5-476E-B61F-D1FC3F1F0C38}"
	ProjectSection(ProjectDependencies) = postProject
		{7F73873B-3465-485F-B83B-43526F544C6D} = {7F73873B-3465-485F-B83B-43526F544C6D}
		{7C1AF74F-3C5F-420F-860F-285686E20D8A} = {7C1AF74F-3C5F-420F-860F-285686E20D8A}
		{02986CD7-2566-4008-8D34-F49D17ADBADF} = {02986CD7-2566-4008-8D34-F49D17ADBADF}
	EndProjectSection
EndProject
Project("{FAE04EC0-301F-11D3-BF4B-00C04F79EFBC}") = "Hd.Utils", "Hd.Utils\Hd.Utils.csproj", "{A70CE623-F3A5-44C3-85DB-3490C3D81E1C}"
EndProject
Project("{FAE04EC0-301F-11D3-BF4B-00C04F79EFBC}") = "Hd.Model.Px", "Hd.Model.Px\Hd.Model.Px.csproj", "{C3BE390D-89A7-45CD-8778-ADEF059417F4}"
	ProjectSection(ProjectDependencies) = postProject
		{7F73873B-3465-485F-B83B-43526F544C6D} = {7F73873B-3465-485F-B83B-43526F544C6D}
		{7C1AF74F-3C5F-420F-860F-285686E20D8A} = {7C1AF74F-3C5F-420F-860F-285686E20D8A}
	EndProjectSection
EndProject
Project("{FAE04EC0-301F-11D3-BF4B-00C04F79EFBC}") = "Hd.Model.Ky", "Hd.Model.Ky\Hd.Model.Ky.csproj", "{73D427F1-92A2-431E-875A-293F0C3E7A65}"
	ProjectSection(ProjectDependencies) = postProject
		{7F73873B-3465-485F-B83B-43526F544C6D} = {7F73873B-3465-485F-B83B-43526F544C6D}
		{7C1AF74F-3C5F-420F-860F-285686E20D8A} = {7C1AF74F-3C5F-420F-860F-285686E20D8A}
	EndProjectSection
EndProject
Project("{FAE04EC0-301F-11D3-BF4B-00C04F79EFBC}") = "Hd.NetRead", "Hd.NetRead\Hd.NetRead.csproj", "{A712EE0B-242A-4CAC-9F93-8BB2AC44C8C7}"
EndProject
Project("{888888A0-9F3D-457C-B088-3A5042F75D52}") = "PythonScript", "PythonScript\PythonScript.pyproj", "{8D2385B1-1EB6-4B88-A61B-F19C90C62511}"
EndProject
Global
	GlobalSection(SolutionConfigurationPlatforms) = preSolution
		Debug|Any CPU = Debug|Any CPU
		Release|Any CPU = Release|Any CPU
	EndGlobalSection
	GlobalSection(ProjectConfigurationPlatforms) = postSolution
		{7F73873B-3465-485F-B83B-43526F544C6D}.Debug|Any CPU.ActiveCfg = Debug|Any CPU
		{7F73873B-3465-485F-B83B-43526F544C6D}.Debug|Any CPU.Build.0 = Debug|Any CPU
		{7F73873B-3465-485F-B83B-43526F544C6D}.Release|Any CPU.ActiveCfg = Release|Any CPU
		{7F73873B-3465-485F-B83B-43526F544C6D}.Release|Any CPU.Build.0 = Release|Any CPU
		{7C1AF74F-3C5F-420F-860F-285686E20D8A}.Debug|Any CPU.ActiveCfg = Debug|Any CPU
		{7C1AF74F-3C5F-420F-860F-285686E20D8A}.Debug|Any CPU.Build.0 = Debug|Any CPU
		{7C1AF74F-3C5F-420F-860F-285686E20D8A}.Release|Any CPU.ActiveCfg = Release|Any CPU
		{7C1AF74F-3C5F-420F-860F-285686E20D8A}.Release|Any CPU.Build.0 = Release|Any CPU
		{5B28BCF8-B2D8-422C-867D-E04BB4D118FA}.Debug|Any CPU.ActiveCfg = Debug|Any CPU
		{5B28BCF8-B2D8-422C-867D-E04BB4D118FA}.Debug|Any CPU.Build.0 = Debug|Any CPU
		{5B28BCF8-B2D8-422C-867D-E04BB4D118FA}.Release|Any CPU.ActiveCfg = Release|Any CPU
		{5B28BCF8-B2D8-422C-867D-E04BB4D118FA}.Release|Any CPU.Build.0 = Release|Any CPU
		{EE7DDFAF-53BA-4C89-8F9E-ACD700224225}.Debug|Any CPU.ActiveCfg = Debug|Any CPU
		{EE7DDFAF-53BA-4C89-8F9E-ACD700224225}.Debug|Any CPU.Build.0 = Debug|Any CPU
		{EE7DDFAF-53BA-4C89-8F9E-ACD700224225}.Release|Any CPU.ActiveCfg = Release|Any CPU
		{EE7DDFAF-53BA-4C89-8F9E-ACD700224225}.Release|Any CPU.Build.0 = Release|Any CPU
		{EB500A5F-CD73-4840-9F4C-37FB03400E9B}.Debug|Any CPU.ActiveCfg = Debug|Any CPU
		{EB500A5F-CD73-4840-9F4C-37FB03400E9B}.Debug|Any CPU.Build.0 = Debug|Any CPU
		{EB500A5F-CD73-4840-9F4C-37FB03400E9B}.Release|Any CPU.ActiveCfg = Release|Any CPU
		{EB500A5F-CD73-4840-9F4C-37FB03400E9B}.Release|Any CPU.Build.0 = Release|Any CPU
		{CACC9EAD-0122-4609-ABF8-FAFD9DA40F40}.Debug|Any CPU.ActiveCfg = Debug|Any CPU
		{CACC9EAD-0122-4609-ABF8-FAFD9DA40F40}.Debug|Any CPU.Build.0 = Debug|Any CPU
		{CACC9EAD-0122-4609-ABF8-FAFD9DA40F40}.Release|Any CPU.ActiveCfg = Release|Any CPU
		{CACC9EAD-0122-4609-ABF8-FAFD9DA40F40}.Release|Any CPU.Build.0 = Release|Any CPU
		{7DCCC7E8-40DF-400A-AC6D-CBC4960D3FAA}.Debug|Any CPU.ActiveCfg = Debug|Any CPU
		{7DCCC7E8-40DF-400A-AC6D-CBC4960D3FAA}.Debug|Any CPU.Build.0 = Debug|Any CPU
		{7DCCC7E8-40DF-400A-AC6D-CBC4960D3FAA}.Release|Any CPU.ActiveCfg = Release|Any CPU
		{7DCCC7E8-40DF-400A-AC6D-CBC4960D3FAA}.Release|Any CPU.Build.0 = Release|Any CPU
		{D6C750CC-B07D-4820-9E14-11192D312140}.Debug|Any CPU.ActiveCfg = Debug|Any CPU
		{D6C750CC-B07D-4820-9E14-11192D312140}.Debug|Any CPU.Build.0 = Debug|Any CPU
		{D6C750CC-B07D-4820-9E14-11192D312140}.Release|Any CPU.ActiveCfg = Release|Any CPU
		{D6C750CC-B07D-4820-9E14-11192D312140}.Release|Any CPU.Build.0 = Release|Any CPU
		{ABE01D89-623A-47F9-9FD3-43E80A578B44}.Debug|Any CPU.ActiveCfg = Debug|Any CPU
		{ABE01D89-623A-47F9-9FD3-43E80A578B44}.Debug|Any CPU.Build.0 = Debug|Any CPU
		{ABE01D89-623A-47F9-9FD3-43E80A578B44}.Release|Any CPU.ActiveCfg = Release|Any CPU
		{ABE01D89-623A-47F9-9FD3-43E80A578B44}.Release|Any CPU.Build.0 = Release|Any CPU
		{3C072E77-8558-41FD-BDB6-43CB2CCF4866}.Debug|Any CPU.ActiveCfg = Debug|Any CPU
		{3C072E77-8558-41FD-BDB6-43CB2CCF4866}.Debug|Any CPU.Build.0 = Debug|Any CPU
		{3C072E77-8558-41FD-BDB6-43CB2CCF4866}.Release|Any CPU.ActiveCfg = Release|Any CPU
		{3C072E77-8558-41FD-BDB6-43CB2CCF4866}.Release|Any CPU.Build.0 = Release|Any CPU
		{4ED9DBFB-1C12-43F3-B8C1-6D8B3EFFF50C}.Debug|Any CPU.ActiveCfg = Debug|Any CPU
		{4ED9DBFB-1C12-43F3-B8C1-6D8B3EFFF50C}.Debug|Any CPU.Build.0 = Debug|Any CPU
		{4ED9DBFB-1C12-43F3-B8C1-6D8B3EFFF50C}.Release|Any CPU.ActiveCfg = Release|Any CPU
		{4ED9DBFB-1C12-43F3-B8C1-6D8B3EFFF50C}.Release|Any CPU.Build.0 = Release|Any CPU
		{FC850DFA-CFEC-4756-A852-B3AC9CDAC88E}.Debug|Any CPU.ActiveCfg = Debug|Any CPU
		{FC850DFA-CFEC-4756-A852-B3AC9CDAC88E}.Debug|Any CPU.Build.0 = Debug|Any CPU
		{FC850DFA-CFEC-4756-A852-B3AC9CDAC88E}.Release|Any CPU.ActiveCfg = Release|Any CPU
		{FC850DFA-CFEC-4756-A852-B3AC9CDAC88E}.Release|Any CPU.Build.0 = Release|Any CPU
		{E67FF6EE-1A80-4986-B8F4-442934BC671A}.Debug|Any CPU.ActiveCfg = Debug|Any CPU
		{E67FF6EE-1A80-4986-B8F4-442934BC671A}.Debug|Any CPU.Build.0 = Debug|Any CPU
		{E67FF6EE-1A80-4986-B8F4-442934BC671A}.Release|Any CPU.ActiveCfg = Release|Any CPU
		{E67FF6EE-1A80-4986-B8F4-442934BC671A}.Release|Any CPU.Build.0 = Release|Any CPU
		{6507EC6F-97AF-45BD-9638-E24817807F2E}.Debug|Any CPU.ActiveCfg = Debug|Any CPU
		{6507EC6F-97AF-45BD-9638-E24817807F2E}.Debug|Any CPU.Build.0 = Debug|Any CPU
		{6507EC6F-97AF-45BD-9638-E24817807F2E}.Release|Any CPU.ActiveCfg = Release|Any CPU
		{6507EC6F-97AF-45BD-9638-E24817807F2E}.Release|Any CPU.Build.0 = Release|Any CPU
		{02986CD7-2566-4008-8D34-F49D17ADBADF}.Debug|Any CPU.ActiveCfg = Debug|Any CPU
		{02986CD7-2566-4008-8D34-F49D17ADBADF}.Debug|Any CPU.Build.0 = Debug|Any CPU
		{02986CD7-2566-4008-8D34-F49D17ADBADF}.Release|Any CPU.ActiveCfg = Release|Any CPU
		{02986CD7-2566-4008-8D34-F49D17ADBADF}.Release|Any CPU.Build.0 = Release|Any CPU
		{64D3D558-DBD0-4ABF-94B7-372AA5361E76}.Debug|Any CPU.ActiveCfg = Debug|Any CPU
		{64D3D558-DBD0-4ABF-94B7-372AA5361E76}.Debug|Any CPU.Build.0 = Debug|Any CPU
		{64D3D558-DBD0-4ABF-94B7-372AA5361E76}.Release|Any CPU.ActiveCfg = Release|Any CPU
		{64D3D558-DBD0-4ABF-94B7-372AA5361E76}.Release|Any CPU.Build.0 = Release|Any CPU
		{5C62C67B-C7B5-476E-B61F-D1FC3F1F0C38}.Debug|Any CPU.ActiveCfg = Debug|Any CPU
		{5C62C67B-C7B5-476E-B61F-D1FC3F1F0C38}.Debug|Any CPU.Build.0 = Debug|Any CPU
		{5C62C67B-C7B5-476E-B61F-D1FC3F1F0C38}.Release|Any CPU.ActiveCfg = Release|Any CPU
		{5C62C67B-C7B5-476E-B61F-D1FC3F1F0C38}.Release|Any CPU.Build.0 = Release|Any CPU
		{A70CE623-F3A5-44C3-85DB-3490C3D81E1C}.Debug|Any CPU.ActiveCfg = Debug|Any CPU
		{A70CE623-F3A5-44C3-85DB-3490C3D81E1C}.Debug|Any CPU.Build.0 = Debug|Any CPU
		{A70CE623-F3A5-44C3-85DB-3490C3D81E1C}.Release|Any CPU.ActiveCfg = Release|Any CPU
		{A70CE623-F3A5-44C3-85DB-3490C3D81E1C}.Release|Any CPU.Build.0 = Release|Any CPU
		{C3BE390D-89A7-45CD-8778-ADEF059417F4}.Debug|Any CPU.ActiveCfg = Debug|Any CPU
		{C3BE390D-89A7-45CD-8778-ADEF059417F4}.Debug|Any CPU.Build.0 = Debug|Any CPU
		{C3BE390D-89A7-45CD-8778-ADEF059417F4}.Release|Any CPU.ActiveCfg = Release|Any CPU
		{C3BE390D-89A7-45CD-8778-ADEF059417F4}.Release|Any CPU.Build.0 = Release|Any CPU
		{73D427F1-92A2-431E-875A-293F0C3E7A65}.Debug|Any CPU.ActiveCfg = Debug|Any CPU
		{73D427F1-92A2-431E-875A-293F0C3E7A65}.Debug|Any CPU.Build.0 = Debug|Any CPU
		{73D427F1-92A2-431E-875A-293F0C3E7A65}.Release|Any CPU.ActiveCfg = Release|Any CPU
		{73D427F1-92A2-431E-875A-293F0C3E7A65}.Release|Any CPU.Build.0 = Release|Any CPU
		{A712EE0B-242A-4CAC-9F93-8BB2AC44C8C7}.Debug|Any CPU.ActiveCfg = Debug|Any CPU
		{A712EE0B-242A-4CAC-9F93-8BB2AC44C8C7}.Debug|Any CPU.Build.0 = Debug|Any CPU
		{A712EE0B-242A-4CAC-9F93-8BB2AC44C8C7}.Release|Any CPU.ActiveCfg = Release|Any CPU
		{A712EE0B-242A-4CAC-9F93-8BB2AC44C8C7}.Release|Any CPU.Build.0 = Release|Any CPU
		{8D2385B1-1EB6-4B88-A61B-F19C90C62511}.Debug|Any CPU.ActiveCfg = Debug|Any CPU
		{8D2385B1-1EB6-4B88-A61B-F19C90C62511}.Release|Any CPU.ActiveCfg = Release|Any CPU
	EndGlobalSection
	GlobalSection(SolutionProperties) = preSolution
		HideSolutionNode = FALSE
	EndGlobalSection
EndGlobal
